# @generated by Move, please check-in and do not edit manually.

[move]
version = 3
manifest_digest = "E319DEBABE45D300F32A76D571BA0AACD6D8F191C16CA3840F628A6B48BC1BD4"
deps_digest = "F8BBB0CCB2491CA29A3DF03D6F92277A4F3574266507ACD77214D37ECA3F3082"
dependencies = [
  { id = "Sui", name = "Sui" },
]

[[move.package]]
id = "MoveStdlib"
source = { git = "https://github.com/MystenLabs/sui.git", rev = "framework/testnet", subdir = "crates/sui-framework/packages/move-stdlib" }

[[move.package]]
id = "Sui"
source = { git = "https://github.com/MystenLabs/sui.git", rev = "framework/testnet", subdir = "crates/sui-framework/packages/sui-framework" }

dependencies = [
  { id = "MoveStdlib", name = "MoveStdlib" },
]

[move.toolchain-version]
compiler-version = "1.36.0"
edition = "2024.beta"
flavor = "sui"

[env]

[env.devnet]
chain-id = "b9643850"
original-published-id = "0xabb5ca1fe775c0dafe9e0d04fcd5dc8992e201b6add284c04090645a24559dab"
latest-published-id = "0xabb5ca1fe775c0dafe9e0d04fcd5dc8992e201b6add284c04090645a24559dab"
published-version = "1"
